
Microsoft Visual Studio Solution File, Format Version 12.00
# Visual Studio Version 17
VisualStudioVersion = 17.7.34018.315
MinimumVisualStudioVersion = 10.0.40219.1
Project("{2150E333-8FDC-42A3-9474-1A3956D46DE8}") = "src", "src", "{9E1F8650-C413-4F6F-9E27-608F08656648}"
EndProject
Project("{2150E333-8FDC-42A3-9474-1A3956D46DE8}") = "NewFolder1", "NewFolder1", "{70A415F9-F147-42B2-8713-BA7C063247DF}"
EndProject
Project("{2150E333-8FDC-42A3-9474-1A3956D46DE8}") = "Services", "Services", "{5DDE102B-5880-4DD1-90D4-06B86548DCCB}"
EndProject
Project("{2150E333-8FDC-42A3-9474-1A3956D46DE8}") = "Ordering", "Ordering", "{67B3BD73-2B40-42E5-BEC9-9359AB0232A5}"
EndProject
Project("{2150E333-8FDC-42A3-9474-1A3956D46DE8}") = "CoreFramework", "CoreFramework", "{BC4053E2-4EC1-4DFE-9B3D-DC93CD4DA54F}"
EndProject
Project("{9A19103F-16F7-4668-BE54-9A1E7A4F7556}") = "Ordering.Application", "src\Services\Ordering\Ordering.Application\Ordering.Application.csproj", "{CC33FE14-5288-40F7-A3AE-D2AA3DCB7905}"
EndProject
Project("{9A19103F-16F7-4668-BE54-9A1E7A4F7556}") = "Ordering.Domain", "src\Services\Ordering\Ordering.Domain\Ordering.Domain.csproj", "{F7E6973F-62A4-4CEA-8D41-89BF8DF8F8AD}"
EndProject
Project("{9A19103F-16F7-4668-BE54-9A1E7A4F7556}") = "Ordering.Infrastructure", "src\Services\Ordering\Ordering.Infrastructure\Ordering.Infrastructure.csproj", "{D18B5BE5-6F32-4922-A6C8-2BACEC7EC38C}"
EndProject
Project("{9A19103F-16F7-4668-BE54-9A1E7A4F7556}") = "Ordering.Persistence", "src\Services\Ordering\Ordering.Persistence\Ordering.Persistence.csproj", "{8858CDF1-AECC-4BD5-A1CF-767F010BC01B}"
EndProject
Project("{9A19103F-16F7-4668-BE54-9A1E7A4F7556}") = "Ordering.WebApi", "src\Services\Ordering\Ordering.WebApi\Ordering.WebApi.csproj", "{C18FB472-CE6C-4290-93EB-3315621F62F0}"
EndProject
Project("{9A19103F-16F7-4668-BE54-9A1E7A4F7556}") = "CoreFramework.Application", "src\Services\Ordering\CoreFramework\CoreFramework.Application\CoreFramework.Application.csproj", "{D2B7AA3E-E93C-4275-9627-CED0F3B2E7FD}"
EndProject
Project("{9A19103F-16F7-4668-BE54-9A1E7A4F7556}") = "CoreFramework.CrossCuttingConsern", "src\Services\Ordering\CoreFramework\CoreFramework.CrossCuttingConsern\CoreFramework.CrossCuttingConsern\CoreFramework.CrossCuttingConsern.csproj", "{259CFB82-B704-456C-8212-F74A7E40C00C}"
EndProject
Project("{9A19103F-16F7-4668-BE54-9A1E7A4F7556}") = "CoreFramework.ElasticSearch", "src\Services\Ordering\CoreFramework\CoreFramework.ElasticSearch\CoreFramework.ElasticSearch.csproj", "{433FFFE4-B2C0-429C-B07F-E067D135CA50}"
EndProject
Project("{9A19103F-16F7-4668-BE54-9A1E7A4F7556}") = "CoreFramework.Mailing", "src\Services\Ordering\CoreFramework\CoreFramework.Mailing\CoreFramework.Mailing.csproj", "{315D8893-4964-4FFC-A92E-9C95FE1AEE5F}"
EndProject
Project("{9A19103F-16F7-4668-BE54-9A1E7A4F7556}") = "CoreFramework.Persistence", "src\Services\Ordering\CoreFramework\CoreFramework.Persistence\CoreFramework.Persistence.csproj", "{9835FDE1-AF55-4E0E-B937-62CE939B9FAE}"
EndProject
Project("{2150E333-8FDC-42A3-9474-1A3956D46DE8}") = "Customers", "Customers", "{D1CD40ED-917A-4E58-ACA9-76B66C8BEB27}"
EndProject
Project("{9A19103F-16F7-4668-BE54-9A1E7A4F7556}") = "Customers.WebApi", "src\Services\Customers\Customers.WebApi\Customers.WebApi.csproj", "{07E6E35E-FD89-474B-98DA-F596CBFDCFCF}"
EndProject
Project("{9A19103F-16F7-4668-BE54-9A1E7A4F7556}") = "Ordering.Hangfire", "src\Services\Ordering\Ordering.Hangfire\Ordering.Hangfire.csproj", "{C088B730-8D47-4162-9C9C-D2D094663A76}"
EndProject
Project("{9A19103F-16F7-4668-BE54-9A1E7A4F7556}") = "Ordering.MassTransitShared", "src\Services\Ordering\Ordering.MassTransitShared\Ordering.MassTransitShared.csproj", "{E5EE2BC6-7BCA-47AB-9CF6-0A975DE094BB}"
EndProject
Project("{9A19103F-16F7-4668-BE54-9A1E7A4F7556}") = "Ordering.MassTransitConsumer", "src\Services\Ordering\Ordering.MassTransitConsumer\Ordering.MassTransitConsumer.csproj", "{25AD6EA5-163A-4C0D-9BD9-589984ECE313}"
EndProject
Project("{9A19103F-16F7-4668-BE54-9A1E7A4F7556}") = "Customers.Test", "src\Services\Customers\Customers.Test\Customers.Test.csproj", "{9E7620CF-4FDF-4E27-8603-66FA69CEF319}"
EndProject
Project("{2150E333-8FDC-42A3-9474-1A3956D46DE8}") = "Gateway", "Gateway", "{BA4E8458-CE15-46B9-9D01-09ABB5A4DBBB}"
EndProject
Project("{FAE04EC0-301F-11D3-BF4B-00C04F79EFBC}") = "ApiGateway", "ApiGateway\ApiGateway.csproj", "{99079886-4E6C-49B5-ABB2-4CE0E64691FC}"
EndProject
Project("{E53339B2-1760-4266-BCC7-CA923CBCF16C}") = "docker-compose", "docker-compose.dcproj", "{572BCF1E-E354-4CBD-9D9A-7291D7CC942F}"
EndProject
Global
	GlobalSection(SolutionConfigurationPlatforms) = preSolution
		Debug|Any CPU = Debug|Any CPU
		Release|Any CPU = Release|Any CPU
	EndGlobalSection
	GlobalSection(ProjectConfigurationPlatforms) = postSolution
		{CC33FE14-5288-40F7-A3AE-D2AA3DCB7905}.Debug|Any CPU.ActiveCfg = Debug|Any CPU
		{CC33FE14-5288-40F7-A3AE-D2AA3DCB7905}.Debug|Any CPU.Build.0 = Debug|Any CPU
		{CC33FE14-5288-40F7-A3AE-D2AA3DCB7905}.Release|Any CPU.ActiveCfg = Release|Any CPU
		{CC33FE14-5288-40F7-A3AE-D2AA3DCB7905}.Release|Any CPU.Build.0 = Release|Any CPU
		{F7E6973F-62A4-4CEA-8D41-89BF8DF8F8AD}.Debug|Any CPU.ActiveCfg = Debug|Any CPU
		{F7E6973F-62A4-4CEA-8D41-89BF8DF8F8AD}.Debug|Any CPU.Build.0 = Debug|Any CPU
		{F7E6973F-62A4-4CEA-8D41-89BF8DF8F8AD}.Release|Any CPU.ActiveCfg = Release|Any CPU
		{F7E6973F-62A4-4CEA-8D41-89BF8DF8F8AD}.Release|Any CPU.Build.0 = Release|Any CPU
		{D18B5BE5-6F32-4922-A6C8-2BACEC7EC38C}.Debug|Any CPU.ActiveCfg = Debug|Any CPU
		{D18B5BE5-6F32-4922-A6C8-2BACEC7EC38C}.Debug|Any CPU.Build.0 = Debug|Any CPU
		{D18B5BE5-6F32-4922-A6C8-2BACEC7EC38C}.Release|Any CPU.ActiveCfg = Release|Any CPU
		{D18B5BE5-6F32-4922-A6C8-2BACEC7EC38C}.Release|Any CPU.Build.0 = Release|Any CPU
		{8858CDF1-AECC-4BD5-A1CF-767F010BC01B}.Debug|Any CPU.ActiveCfg = Debug|Any CPU
		{8858CDF1-AECC-4BD5-A1CF-767F010BC01B}.Debug|Any CPU.Build.0 = Debug|Any CPU
		{8858CDF1-AECC-4BD5-A1CF-767F010BC01B}.Release|Any CPU.ActiveCfg = Release|Any CPU
		{8858CDF1-AECC-4BD5-A1CF-767F010BC01B}.Release|Any CPU.Build.0 = Release|Any CPU
		{C18FB472-CE6C-4290-93EB-3315621F62F0}.Debug|Any CPU.ActiveCfg = Debug|Any CPU
		{C18FB472-CE6C-4290-93EB-3315621F62F0}.Debug|Any CPU.Build.0 = Debug|Any CPU
		{C18FB472-CE6C-4290-93EB-3315621F62F0}.Release|Any CPU.ActiveCfg = Release|Any CPU
		{C18FB472-CE6C-4290-93EB-3315621F62F0}.Release|Any CPU.Build.0 = Release|Any CPU
		{D2B7AA3E-E93C-4275-9627-CED0F3B2E7FD}.Debug|Any CPU.ActiveCfg = Debug|Any CPU
		{D2B7AA3E-E93C-4275-9627-CED0F3B2E7FD}.Debug|Any CPU.Build.0 = Debug|Any CPU
		{D2B7AA3E-E93C-4275-9627-CED0F3B2E7FD}.Release|Any CPU.ActiveCfg = Release|Any CPU
		{D2B7AA3E-E93C-4275-9627-CED0F3B2E7FD}.Release|Any CPU.Build.0 = Release|Any CPU
		{259CFB82-B704-456C-8212-F74A7E40C00C}.Debug|Any CPU.ActiveCfg = Debug|Any CPU
		{259CFB82-B704-456C-8212-F74A7E40C00C}.Debug|Any CPU.Build.0 = Debug|Any CPU
		{259CFB82-B704-456C-8212-F74A7E40C00C}.Release|Any CPU.ActiveCfg = Release|Any CPU
		{259CFB82-B704-456C-8212-F74A7E40C00C}.Release|Any CPU.Build.0 = Release|Any CPU
		{433FFFE4-B2C0-429C-B07F-E067D135CA50}.Debug|Any CPU.ActiveCfg = Debug|Any CPU
		{433FFFE4-B2C0-429C-B07F-E067D135CA50}.Debug|Any CPU.Build.0 = Debug|Any CPU
		{433FFFE4-B2C0-429C-B07F-E067D135CA50}.Release|Any CPU.ActiveCfg = Release|Any CPU
		{433FFFE4-B2C0-429C-B07F-E067D135CA50}.Release|Any CPU.Build.0 = Release|Any CPU
		{315D8893-4964-4FFC-A92E-9C95FE1AEE5F}.Debug|Any CPU.ActiveCfg = Debug|Any CPU
		{315D8893-4964-4FFC-A92E-9C95FE1AEE5F}.Debug|Any CPU.Build.0 = Debug|Any CPU
		{315D8893-4964-4FFC-A92E-9C95FE1AEE5F}.Release|Any CPU.ActiveCfg = Release|Any CPU
		{315D8893-4964-4FFC-A92E-9C95FE1AEE5F}.Release|Any CPU.Build.0 = Release|Any CPU
		{9835FDE1-AF55-4E0E-B937-62CE939B9FAE}.Debug|Any CPU.ActiveCfg = Debug|Any CPU
		{9835FDE1-AF55-4E0E-B937-62CE939B9FAE}.Debug|Any CPU.Build.0 = Debug|Any CPU
		{9835FDE1-AF55-4E0E-B937-62CE939B9FAE}.Release|Any CPU.ActiveCfg = Release|Any CPU
		{9835FDE1-AF55-4E0E-B937-62CE939B9FAE}.Release|Any CPU.Build.0 = Release|Any CPU
		{07E6E35E-FD89-474B-98DA-F596CBFDCFCF}.Debug|Any CPU.ActiveCfg = Debug|Any CPU
		{07E6E35E-FD89-474B-98DA-F596CBFDCFCF}.Debug|Any CPU.Build.0 = Debug|Any CPU
		{07E6E35E-FD89-474B-98DA-F596CBFDCFCF}.Release|Any CPU.ActiveCfg = Release|Any CPU
		{07E6E35E-FD89-474B-98DA-F596CBFDCFCF}.Release|Any CPU.Build.0 = Release|Any CPU
		{C088B730-8D47-4162-9C9C-D2D094663A76}.Debug|Any CPU.ActiveCfg = Debug|Any CPU
		{C088B730-8D47-4162-9C9C-D2D094663A76}.Debug|Any CPU.Build.0 = Debug|Any CPU
		{C088B730-8D47-4162-9C9C-D2D094663A76}.Release|Any CPU.ActiveCfg = Release|Any CPU
		{C088B730-8D47-4162-9C9C-D2D094663A76}.Release|Any CPU.Build.0 = Release|Any CPU
		{E5EE2BC6-7BCA-47AB-9CF6-0A975DE094BB}.Debug|Any CPU.ActiveCfg = Debug|Any CPU
		{E5EE2BC6-7BCA-47AB-9CF6-0A975DE094BB}.Debug|Any CPU.Build.0 = Debug|Any CPU
		{E5EE2BC6-7BCA-47AB-9CF6-0A975DE094BB}.Release|Any CPU.ActiveCfg = Release|Any CPU
		{E5EE2BC6-7BCA-47AB-9CF6-0A975DE094BB}.Release|Any CPU.Build.0 = Release|Any CPU
		{25AD6EA5-163A-4C0D-9BD9-589984ECE313}.Debug|Any CPU.ActiveCfg = Debug|Any CPU
		{25AD6EA5-163A-4C0D-9BD9-589984ECE313}.Debug|Any CPU.Build.0 = Debug|Any CPU
		{25AD6EA5-163A-4C0D-9BD9-589984ECE313}.Release|Any CPU.ActiveCfg = Release|Any CPU
		{25AD6EA5-163A-4C0D-9BD9-589984ECE313}.Release|Any CPU.Build.0 = Release|Any CPU
		{9E7620CF-4FDF-4E27-8603-66FA69CEF319}.Debug|Any CPU.ActiveCfg = Debug|Any CPU
		{9E7620CF-4FDF-4E27-8603-66FA69CEF319}.Debug|Any CPU.Build.0 = Debug|Any CPU
		{9E7620CF-4FDF-4E27-8603-66FA69CEF319}.Release|Any CPU.ActiveCfg = Release|Any CPU
		{9E7620CF-4FDF-4E27-8603-66FA69CEF319}.Release|Any CPU.Build.0 = Release|Any CPU
		{99079886-4E6C-49B5-ABB2-4CE0E64691FC}.Debug|Any CPU.ActiveCfg = Debug|Any CPU
		{99079886-4E6C-49B5-ABB2-4CE0E64691FC}.Debug|Any CPU.Build.0 = Debug|Any CPU
		{99079886-4E6C-49B5-ABB2-4CE0E64691FC}.Release|Any CPU.ActiveCfg = Release|Any CPU
		{99079886-4E6C-49B5-ABB2-4CE0E64691FC}.Release|Any CPU.Build.0 = Release|Any CPU
		{572BCF1E-E354-4CBD-9D9A-7291D7CC942F}.Debug|Any CPU.ActiveCfg = Debug|Any CPU
		{572BCF1E-E354-4CBD-9D9A-7291D7CC942F}.Debug|Any CPU.Build.0 = Debug|Any CPU
		{572BCF1E-E354-4CBD-9D9A-7291D7CC942F}.Release|Any CPU.ActiveCfg = Release|Any CPU
		{572BCF1E-E354-4CBD-9D9A-7291D7CC942F}.Release|Any CPU.Build.0 = Release|Any CPU
	EndGlobalSection
	GlobalSection(SolutionProperties) = preSolution
		HideSolutionNode = FALSE
	EndGlobalSection
	GlobalSection(NestedProjects) = preSolution
		{5DDE102B-5880-4DD1-90D4-06B86548DCCB} = {9E1F8650-C413-4F6F-9E27-608F08656648}
		{67B3BD73-2B40-42E5-BEC9-9359AB0232A5} = {5DDE102B-5880-4DD1-90D4-06B86548DCCB}
		{BC4053E2-4EC1-4DFE-9B3D-DC93CD4DA54F} = {67B3BD73-2B40-42E5-BEC9-9359AB0232A5}
		{CC33FE14-5288-40F7-A3AE-D2AA3DCB7905} = {67B3BD73-2B40-42E5-BEC9-9359AB0232A5}
		{F7E6973F-62A4-4CEA-8D41-89BF8DF8F8AD} = {67B3BD73-2B40-42E5-BEC9-9359AB0232A5}
		{D18B5BE5-6F32-4922-A6C8-2BACEC7EC38C} = {67B3BD73-2B40-42E5-BEC9-9359AB0232A5}
		{8858CDF1-AECC-4BD5-A1CF-767F010BC01B} = {67B3BD73-2B40-42E5-BEC9-9359AB0232A5}
		{C18FB472-CE6C-4290-93EB-3315621F62F0} = {67B3BD73-2B40-42E5-BEC9-9359AB0232A5}
		{D2B7AA3E-E93C-4275-9627-CED0F3B2E7FD} = {BC4053E2-4EC1-4DFE-9B3D-DC93CD4DA54F}
		{259CFB82-B704-456C-8212-F74A7E40C00C} = {BC4053E2-4EC1-4DFE-9B3D-DC93CD4DA54F}
		{433FFFE4-B2C0-429C-B07F-E067D135CA50} = {BC4053E2-4EC1-4DFE-9B3D-DC93CD4DA54F}
		{315D8893-4964-4FFC-A92E-9C95FE1AEE5F} = {BC4053E2-4EC1-4DFE-9B3D-DC93CD4DA54F}
		{9835FDE1-AF55-4E0E-B937-62CE939B9FAE} = {BC4053E2-4EC1-4DFE-9B3D-DC93CD4DA54F}
		{D1CD40ED-917A-4E58-ACA9-76B66C8BEB27} = {5DDE102B-5880-4DD1-90D4-06B86548DCCB}
		{07E6E35E-FD89-474B-98DA-F596CBFDCFCF} = {D1CD40ED-917A-4E58-ACA9-76B66C8BEB27}
		{C088B730-8D47-4162-9C9C-D2D094663A76} = {67B3BD73-2B40-42E5-BEC9-9359AB0232A5}
		{E5EE2BC6-7BCA-47AB-9CF6-0A975DE094BB} = {67B3BD73-2B40-42E5-BEC9-9359AB0232A5}
		{25AD6EA5-163A-4C0D-9BD9-589984ECE313} = {67B3BD73-2B40-42E5-BEC9-9359AB0232A5}
		{9E7620CF-4FDF-4E27-8603-66FA69CEF319} = {D1CD40ED-917A-4E58-ACA9-76B66C8BEB27}
		{BA4E8458-CE15-46B9-9D01-09ABB5A4DBBB} = {9E1F8650-C413-4F6F-9E27-608F08656648}
		{99079886-4E6C-49B5-ABB2-4CE0E64691FC} = {BA4E8458-CE15-46B9-9D01-09ABB5A4DBBB}
	EndGlobalSection
	GlobalSection(ExtensibilityGlobals) = postSolution
		SolutionGuid = {F45B3283-B285-4AD4-A3A7-FDB8F5D0BF91}
	EndGlobalSection
EndGlobal
